// !$*UTF8*$!
{
	archiveVersion = 1;
	classes = {
	};
	objectVersion = 50;
	objects = {

/* Begin PBXBuildFile section */
		238B313120B6F36B008EFBC4 /* AppDelegate.swift in Sources */ = {isa = PBXBuildFile; fileRef = 238B313020B6F36B008EFBC4 /* AppDelegate.swift */; };
		238B313320B6F36B008EFBC4 /* ViewController.swift in Sources */ = {isa = PBXBuildFile; fileRef = 238B313220B6F36B008EFBC4 /* ViewController.swift */; };
		238B313620B6F36B008EFBC4 /* Main.storyboard in Resources */ = {isa = PBXBuildFile; fileRef = 238B313420B6F36B008EFBC4 /* Main.storyboard */; };
		238B313920B6F36B008EFBC4 /* AtHome.xcdatamodeld in Sources */ = {isa = PBXBuildFile; fileRef = 238B313720B6F36B008EFBC4 /* AtHome.xcdatamodeld */; };
		238B313B20B6F36D008EFBC4 /* Assets.xcassets in Resources */ = {isa = PBXBuildFile; fileRef = 238B313A20B6F36D008EFBC4 /* Assets.xcassets */; };
		238B313E20B6F36D008EFBC4 /* LaunchScreen.storyboard in Resources */ = {isa = PBXBuildFile; fileRef = 238B313C20B6F36D008EFBC4 /* LaunchScreen.storyboard */; };
		238B314920B6F36D008EFBC4 /* AtHomeTests.swift in Sources */ = {isa = PBXBuildFile; fileRef = 238B314820B6F36D008EFBC4 /* AtHomeTests.swift */; };
		238B315420B6F36D008EFBC4 /* AtHomeUITests.swift in Sources */ = {isa = PBXBuildFile; fileRef = 238B315320B6F36D008EFBC4 /* AtHomeUITests.swift */; };
		239FC37C20E3C53A0049A444 /* HomePageTableViewController.swift in Sources */ = {isa = PBXBuildFile; fileRef = 239FC37B20E3C53A0049A444 /* HomePageTableViewController.swift */; };
		23CCD35220E5111C00B43456 /* Apollo.framework in CopyFiles */ = {isa = PBXBuildFile; fileRef = 239FC39920E50E690049A444 /* Apollo.framework */; settings = {ATTRIBUTES = (CodeSignOnCopy, RemoveHeadersOnCopy, ); }; };
		23CCD35520E5115500B43456 /* ApolloController.swift in Sources */ = {isa = PBXBuildFile; fileRef = 23CCD35420E5115500B43456 /* ApolloController.swift */; };
		23CCD35A20E5121300B43456 /* AllModules.graphql in Resources */ = {isa = PBXBuildFile; fileRef = 23CCD35920E5121300B43456 /* AllModules.graphql */; };
		23CCD35C20E5174700B43456 /* API.swift in Sources */ = {isa = PBXBuildFile; fileRef = 23CCD35B20E5174700B43456 /* API.swift */; };
		23CCD35E20E5190400B43456 /* schema.json in Resources */ = {isa = PBXBuildFile; fileRef = 23CCD35D20E5190400B43456 /* schema.json */; };
		23CCD36020E521A300B43456 /* Mok.swift in Sources */ = {isa = PBXBuildFile; fileRef = 23CCD35F20E521A300B43456 /* Mok.swift */; };
		23CCD36220E533CF00B43456 /* Modules.swift in Sources */ = {isa = PBXBuildFile; fileRef = 23CCD36120E533CF00B43456 /* Modules.swift */; };
/* End PBXBuildFile section */

/* Begin PBXContainerItemProxy section */
		238B314520B6F36D008EFBC4 /* PBXContainerItemProxy */ = {
			isa = PBXContainerItemProxy;
			containerPortal = 238B312520B6F36B008EFBC4 /* Project object */;
			proxyType = 1;
			remoteGlobalIDString = 238B312C20B6F36B008EFBC4;
			remoteInfo = AtHome;
		};
		238B315020B6F36D008EFBC4 /* PBXContainerItemProxy */ = {
			isa = PBXContainerItemProxy;
			containerPortal = 238B312520B6F36B008EFBC4 /* Project object */;
			proxyType = 1;
			remoteGlobalIDString = 238B312C20B6F36B008EFBC4;
			remoteInfo = AtHome;
		};
		239FC39820E50E690049A444 /* PBXContainerItemProxy */ = {
			isa = PBXContainerItemProxy;
			containerPortal = 239FC38D20E50E680049A444 /* Apollo.xcodeproj */;
			proxyType = 2;
			remoteGlobalIDString = 9FC750441D2A532C00458D91;
			remoteInfo = Apollo;
		};
		239FC39A20E50E690049A444 /* PBXContainerItemProxy */ = {
			isa = PBXContainerItemProxy;
			containerPortal = 239FC38D20E50E680049A444 /* Apollo.xcodeproj */;
			proxyType = 2;
			remoteGlobalIDString = 9FC7504E1D2A532D00458D91;
			remoteInfo = ApolloTests;
		};
		239FC39C20E50E690049A444 /* PBXContainerItemProxy */ = {
			isa = PBXContainerItemProxy;
			containerPortal = 239FC38D20E50E680049A444 /* Apollo.xcodeproj */;
			proxyType = 2;
			remoteGlobalIDString = 9FA6ABBC1EC0A988000017BE;
			remoteInfo = ApolloCacheDependentTests;
		};
		239FC39E20E50E690049A444 /* PBXContainerItemProxy */ = {
			isa = PBXContainerItemProxy;
			containerPortal = 239FC38D20E50E680049A444 /* Apollo.xcodeproj */;
			proxyType = 2;
			remoteGlobalIDString = 9FC631331E6AE2080062707E;
			remoteInfo = ApolloPerformanceTests;
		};
		239FC3A020E50E690049A444 /* PBXContainerItemProxy */ = {
			isa = PBXContainerItemProxy;
			containerPortal = 239FC38D20E50E680049A444 /* Apollo.xcodeproj */;
			proxyType = 2;
			remoteGlobalIDString = 9FCE2CFA1E6C213D00E34457;
			remoteInfo = StarWarsAPI;
		};
		239FC3A220E50E690049A444 /* PBXContainerItemProxy */ = {
			isa = PBXContainerItemProxy;
			containerPortal = 239FC38D20E50E680049A444 /* Apollo.xcodeproj */;
			proxyType = 2;
			remoteGlobalIDString = 9FACA9C61F42E67200AE2DBD;
			remoteInfo = GitHubAPI;
		};
		239FC3A420E50E690049A444 /* PBXContainerItemProxy */ = {
			isa = PBXContainerItemProxy;
			containerPortal = 239FC38D20E50E680049A444 /* Apollo.xcodeproj */;
			proxyType = 2;
			remoteGlobalIDString = 9FD637E11E6ACF88001EDBC8;
			remoteInfo = "TestHost iOS";
		};
		239FC3A620E50E690049A444 /* PBXContainerItemProxy */ = {
			isa = PBXContainerItemProxy;
			containerPortal = 239FC38D20E50E680049A444 /* Apollo.xcodeproj */;
			proxyType = 2;
			remoteGlobalIDString = 9F8A95781EC0FC1200304A2D;
			remoteInfo = ApolloTestSupport;
		};
		23CCD34820E5111000B43456 /* PBXContainerItemProxy */ = {
			isa = PBXContainerItemProxy;
			containerPortal = 239FC38D20E50E680049A444 /* Apollo.xcodeproj */;
			proxyType = 1;
			remoteGlobalIDString = 9FC750431D2A532C00458D91;
			remoteInfo = Apollo;
		};
/* End PBXContainerItemProxy section */

/* Begin PBXCopyFilesBuildPhase section */
		239FC38B20E504B20049A444 /* CopyFiles */ = {
			isa = PBXCopyFilesBuildPhase;
			buildActionMask = 2147483647;
			dstPath = "";
			dstSubfolderSpec = 10;
			files = (
				23CCD35220E5111C00B43456 /* Apollo.framework in CopyFiles */,
			);
			runOnlyForDeploymentPostprocessing = 0;
		};
/* End PBXCopyFilesBuildPhase section */

/* Begin PBXFileReference section */
		238B312D20B6F36B008EFBC4 /* AtHome.app */ = {isa = PBXFileReference; explicitFileType = wrapper.application; includeInIndex = 0; path = AtHome.app; sourceTree = BUILT_PRODUCTS_DIR; };
		238B313020B6F36B008EFBC4 /* AppDelegate.swift */ = {isa = PBXFileReference; lastKnownFileType = sourcecode.swift; path = AppDelegate.swift; sourceTree = "<group>"; };
		238B313220B6F36B008EFBC4 /* ViewController.swift */ = {isa = PBXFileReference; lastKnownFileType = sourcecode.swift; path = ViewController.swift; sourceTree = "<group>"; };
		238B313520B6F36B008EFBC4 /* Base */ = {isa = PBXFileReference; lastKnownFileType = file.storyboard; name = Base; path = Base.lproj/Main.storyboard; sourceTree = "<group>"; };
		238B313820B6F36B008EFBC4 /* AtHome.xcdatamodel */ = {isa = PBXFileReference; lastKnownFileType = wrapper.xcdatamodel; path = AtHome.xcdatamodel; sourceTree = "<group>"; };
		238B313A20B6F36D008EFBC4 /* Assets.xcassets */ = {isa = PBXFileReference; lastKnownFileType = folder.assetcatalog; path = Assets.xcassets; sourceTree = "<group>"; };
		238B313D20B6F36D008EFBC4 /* Base */ = {isa = PBXFileReference; lastKnownFileType = file.storyboard; name = Base; path = Base.lproj/LaunchScreen.storyboard; sourceTree = "<group>"; };
		238B313F20B6F36D008EFBC4 /* Info.plist */ = {isa = PBXFileReference; lastKnownFileType = text.plist.xml; path = Info.plist; sourceTree = "<group>"; };
		238B314420B6F36D008EFBC4 /* AtHomeTests.xctest */ = {isa = PBXFileReference; explicitFileType = wrapper.cfbundle; includeInIndex = 0; path = AtHomeTests.xctest; sourceTree = BUILT_PRODUCTS_DIR; };
		238B314820B6F36D008EFBC4 /* AtHomeTests.swift */ = {isa = PBXFileReference; lastKnownFileType = sourcecode.swift; path = AtHomeTests.swift; sourceTree = "<group>"; };
		238B314A20B6F36D008EFBC4 /* Info.plist */ = {isa = PBXFileReference; lastKnownFileType = text.plist.xml; path = Info.plist; sourceTree = "<group>"; };
		238B314F20B6F36D008EFBC4 /* AtHomeUITests.xctest */ = {isa = PBXFileReference; explicitFileType = wrapper.cfbundle; includeInIndex = 0; path = AtHomeUITests.xctest; sourceTree = BUILT_PRODUCTS_DIR; };
		238B315320B6F36D008EFBC4 /* AtHomeUITests.swift */ = {isa = PBXFileReference; lastKnownFileType = sourcecode.swift; path = AtHomeUITests.swift; sourceTree = "<group>"; };
		238B315520B6F36D008EFBC4 /* Info.plist */ = {isa = PBXFileReference; lastKnownFileType = text.plist.xml; path = Info.plist; sourceTree = "<group>"; };
		239FC37B20E3C53A0049A444 /* HomePageTableViewController.swift */ = {isa = PBXFileReference; lastKnownFileType = sourcecode.swift; path = HomePageTableViewController.swift; sourceTree = "<group>"; };
		239FC38D20E50E680049A444 /* Apollo.xcodeproj */ = {isa = PBXFileReference; lastKnownFileType = "wrapper.pb-project"; name = Apollo.xcodeproj; path = "../../../../Downloads/apollo-ios-master/Apollo.xcodeproj"; sourceTree = "<group>"; };
		23CCD35420E5115500B43456 /* ApolloController.swift */ = {isa = PBXFileReference; lastKnownFileType = sourcecode.swift; path = ApolloController.swift; sourceTree = "<group>"; };
		23CCD35920E5121300B43456 /* AllModules.graphql */ = {isa = PBXFileReference; lastKnownFileType = text; path = AllModules.graphql; sourceTree = "<group>"; };
		23CCD35B20E5174700B43456 /* API.swift */ = {isa = PBXFileReference; fileEncoding = 4; lastKnownFileType = sourcecode.swift; path = API.swift; sourceTree = "<group>"; };
		23CCD35D20E5190400B43456 /* schema.json */ = {isa = PBXFileReference; fileEncoding = 4; lastKnownFileType = text.json; path = schema.json; sourceTree = "<group>"; };
		23CCD35F20E521A300B43456 /* Mok.swift */ = {isa = PBXFileReference; lastKnownFileType = sourcecode.swift; path = Mok.swift; sourceTree = "<group>"; };
		23CCD36120E533CF00B43456 /* Modules.swift */ = {isa = PBXFileReference; lastKnownFileType = sourcecode.swift; path = Modules.swift; sourceTree = "<group>"; };
/* End PBXFileReference section */

/* Begin PBXFrameworksBuildPhase section */
		238B312A20B6F36B008EFBC4 /* Frameworks */ = {
			isa = PBXFrameworksBuildPhase;
			buildActionMask = 2147483647;
			files = (
			);
			runOnlyForDeploymentPostprocessing = 0;
		};
		238B314120B6F36D008EFBC4 /* Frameworks */ = {
			isa = PBXFrameworksBuildPhase;
			buildActionMask = 2147483647;
			files = (
			);
			runOnlyForDeploymentPostprocessing = 0;
		};
		238B314C20B6F36D008EFBC4 /* Frameworks */ = {
			isa = PBXFrameworksBuildPhase;
			buildActionMask = 2147483647;
			files = (
			);
			runOnlyForDeploymentPostprocessing = 0;
		};
/* End PBXFrameworksBuildPhase section */

/* Begin PBXGroup section */
		238B312420B6F36B008EFBC4 = {
			isa = PBXGroup;
			children = (
				238B312F20B6F36B008EFBC4 /* AtHome */,
				238B314720B6F36D008EFBC4 /* AtHomeTests */,
				238B315220B6F36D008EFBC4 /* AtHomeUITests */,
				238B312E20B6F36B008EFBC4 /* Products */,
				239FC37F20E503E10049A444 /* Framework */,
			);
			sourceTree = "<group>";
		};
		238B312E20B6F36B008EFBC4 /* Products */ = {
			isa = PBXGroup;
			children = (
				238B312D20B6F36B008EFBC4 /* AtHome.app */,
				238B314420B6F36D008EFBC4 /* AtHomeTests.xctest */,
				238B314F20B6F36D008EFBC4 /* AtHomeUITests.xctest */,
			);
			name = Products;
			sourceTree = "<group>";
		};
		238B312F20B6F36B008EFBC4 /* AtHome */ = {
			isa = PBXGroup;
			children = (
				23CCD36420E5342300B43456 /* Module */,
				23CCD36320E533DC00B43456 /* HomePage */,
				23CCD35320E5112B00B43456 /* Apollo */,
				238B313020B6F36B008EFBC4 /* AppDelegate.swift */,
				238B313220B6F36B008EFBC4 /* ViewController.swift */,
				238B313420B6F36B008EFBC4 /* Main.storyboard */,
				238B313A20B6F36D008EFBC4 /* Assets.xcassets */,
				238B313C20B6F36D008EFBC4 /* LaunchScreen.storyboard */,
				238B313F20B6F36D008EFBC4 /* Info.plist */,
				238B313720B6F36B008EFBC4 /* AtHome.xcdatamodeld */,
			);
			path = AtHome;
			sourceTree = "<group>";
		};
		238B314720B6F36D008EFBC4 /* AtHomeTests */ = {
			isa = PBXGroup;
			children = (
				238B314820B6F36D008EFBC4 /* AtHomeTests.swift */,
				238B314A20B6F36D008EFBC4 /* Info.plist */,
			);
			path = AtHomeTests;
			sourceTree = "<group>";
		};
		238B315220B6F36D008EFBC4 /* AtHomeUITests */ = {
			isa = PBXGroup;
			children = (
				238B315320B6F36D008EFBC4 /* AtHomeUITests.swift */,
				238B315520B6F36D008EFBC4 /* Info.plist */,
			);
			path = AtHomeUITests;
			sourceTree = "<group>";
		};
		239FC37F20E503E10049A444 /* Framework */ = {
			isa = PBXGroup;
			children = (
				239FC38D20E50E680049A444 /* Apollo.xcodeproj */,
			);
			path = Framework;
			sourceTree = "<group>";
		};
		239FC38E20E50E680049A444 /* Products */ = {
			isa = PBXGroup;
			children = (
				239FC39920E50E690049A444 /* Apollo.framework */,
				239FC39B20E50E690049A444 /* ApolloTests.xctest */,
				239FC39D20E50E690049A444 /* ApolloCacheDependentTests.xctest */,
				239FC39F20E50E690049A444 /* ApolloPerformanceTests.xctest */,
				239FC3A120E50E690049A444 /* StarWarsAPI.framework */,
				239FC3A320E50E690049A444 /* GitHubAPI.framework */,
				239FC3A520E50E690049A444 /* TestHost iOS.app */,
				239FC3A720E50E690049A444 /* ApolloTestSupport.framework */,
			);
			name = Products;
			sourceTree = "<group>";
		};
		23CCD35320E5112B00B43456 /* Apollo */ = {
			isa = PBXGroup;
			children = (
				23CCD35D20E5190400B43456 /* schema.json */,
				23CCD35B20E5174700B43456 /* API.swift */,
				23CCD35920E5121300B43456 /* AllModules.graphql */,
				23CCD35620E511E200B43456 /* GraphqlQueries */,
				23CCD35420E5115500B43456 /* ApolloController.swift */,
				23CCD35F20E521A300B43456 /* Mok.swift */,
			);
			path = Apollo;
			sourceTree = "<group>";
		};
		23CCD35620E511E200B43456 /* GraphqlQueries */ = {
			isa = PBXGroup;
			children = (
			);
			path = GraphqlQueries;
			sourceTree = "<group>";
		};
		23CCD36320E533DC00B43456 /* HomePage */ = {
			isa = PBXGroup;
			children = (
				239FC37B20E3C53A0049A444 /* HomePageTableViewController.swift */,
			);
			path = HomePage;
			sourceTree = "<group>";
		};
		23CCD36420E5342300B43456 /* Module */ = {
			isa = PBXGroup;
			children = (
				23CCD36120E533CF00B43456 /* Modules.swift */,
			);
			path = Module;
			sourceTree = "<group>";
		};
/* End PBXGroup section */

/* Begin PBXNativeTarget section */
		238B312C20B6F36B008EFBC4 /* AtHome */ = {
			isa = PBXNativeTarget;
			buildConfigurationList = 238B315820B6F36D008EFBC4 /* Build configuration list for PBXNativeTarget "AtHome" */;
			buildPhases = (
				238B312920B6F36B008EFBC4 /* Sources */,
				238B312A20B6F36B008EFBC4 /* Frameworks */,
				238B312B20B6F36B008EFBC4 /* Resources */,
				239FC38B20E504B20049A444 /* CopyFiles */,
			);
			buildRules = (
			);
			dependencies = (
				23CCD34920E5111000B43456 /* PBXTargetDependency */,
			);
			name = AtHome;
			productName = AtHome;
			productReference = 238B312D20B6F36B008EFBC4 /* AtHome.app */;
			productType = "com.apple.product-type.application";
		};
		238B314320B6F36D008EFBC4 /* AtHomeTests */ = {
			isa = PBXNativeTarget;
			buildConfigurationList = 238B315B20B6F36D008EFBC4 /* Build configuration list for PBXNativeTarget "AtHomeTests" */;
			buildPhases = (
				238B314020B6F36D008EFBC4 /* Sources */,
				238B314120B6F36D008EFBC4 /* Frameworks */,
				238B314220B6F36D008EFBC4 /* Resources */,
			);
			buildRules = (
			);
			dependencies = (
				238B314620B6F36D008EFBC4 /* PBXTargetDependency */,
			);
			name = AtHomeTests;
			productName = AtHomeTests;
			productReference = 238B314420B6F36D008EFBC4 /* AtHomeTests.xctest */;
			productType = "com.apple.product-type.bundle.unit-test";
		};
		238B314E20B6F36D008EFBC4 /* AtHomeUITests */ = {
			isa = PBXNativeTarget;
			buildConfigurationList = 238B315E20B6F36D008EFBC4 /* Build configuration list for PBXNativeTarget "AtHomeUITests" */;
			buildPhases = (
				238B314B20B6F36D008EFBC4 /* Sources */,
				238B314C20B6F36D008EFBC4 /* Frameworks */,
				238B314D20B6F36D008EFBC4 /* Resources */,
			);
			buildRules = (
			);
			dependencies = (
				238B315120B6F36D008EFBC4 /* PBXTargetDependency */,
			);
			name = AtHomeUITests;
			productName = AtHomeUITests;
			productReference = 238B314F20B6F36D008EFBC4 /* AtHomeUITests.xctest */;
			productType = "com.apple.product-type.bundle.ui-testing";
		};
/* End PBXNativeTarget section */

/* Begin PBXProject section */
		238B312520B6F36B008EFBC4 /* Project object */ = {
			isa = PBXProject;
			attributes = {
				KnownAssetTags = (
					New,
				);
				LastSwiftUpdateCheck = 0930;
				LastUpgradeCheck = 0930;
				ORGANIZATIONNAME = pyre;
				TargetAttributes = {
					238B312C20B6F36B008EFBC4 = {
						CreatedOnToolsVersion = 9.3.1;
					};
					238B314320B6F36D008EFBC4 = {
						CreatedOnToolsVersion = 9.3.1;
						TestTargetID = 238B312C20B6F36B008EFBC4;
					};
					238B314E20B6F36D008EFBC4 = {
						CreatedOnToolsVersion = 9.3.1;
						TestTargetID = 238B312C20B6F36B008EFBC4;
					};
				};
			};
			buildConfigurationList = 238B312820B6F36B008EFBC4 /* Build configuration list for PBXProject "AtHome" */;
			compatibilityVersion = "Xcode 9.3";
			developmentRegion = en;
			hasScannedForEncodings = 0;
			knownRegions = (
				en,
				Base,
			);
			mainGroup = 238B312420B6F36B008EFBC4;
			productRefGroup = 238B312E20B6F36B008EFBC4 /* Products */;
			projectDirPath = "";
			projectReferences = (
				{
					ProductGroup = 239FC38E20E50E680049A444 /* Products */;
					ProjectRef = 239FC38D20E50E680049A444 /* Apollo.xcodeproj */;
				},
			);
			projectRoot = "";
			targets = (
				238B312C20B6F36B008EFBC4 /* AtHome */,
				238B314320B6F36D008EFBC4 /* AtHomeTests */,
				238B314E20B6F36D008EFBC4 /* AtHomeUITests */,
			);
		};
/* End PBXProject section */

/* Begin PBXReferenceProxy section */
		239FC39920E50E690049A444 /* Apollo.framework */ = {
			isa = PBXReferenceProxy;
			fileType = wrapper.framework;
			path = Apollo.framework;
			remoteRef = 239FC39820E50E690049A444 /* PBXContainerItemProxy */;
			sourceTree = BUILT_PRODUCTS_DIR;
		};
		239FC39B20E50E690049A444 /* ApolloTests.xctest */ = {
			isa = PBXReferenceProxy;
			fileType = wrapper.cfbundle;
			path = ApolloTests.xctest;
			remoteRef = 239FC39A20E50E690049A444 /* PBXContainerItemProxy */;
			sourceTree = BUILT_PRODUCTS_DIR;
		};
		239FC39D20E50E690049A444 /* ApolloCacheDependentTests.xctest */ = {
			isa = PBXReferenceProxy;
			fileType = wrapper.cfbundle;
			path = ApolloCacheDependentTests.xctest;
			remoteRef = 239FC39C20E50E690049A444 /* PBXContainerItemProxy */;
			sourceTree = BUILT_PRODUCTS_DIR;
		};
		239FC39F20E50E690049A444 /* ApolloPerformanceTests.xctest */ = {
			isa = PBXReferenceProxy;
			fileType = wrapper.cfbundle;
			path = ApolloPerformanceTests.xctest;
			remoteRef = 239FC39E20E50E690049A444 /* PBXContainerItemProxy */;
			sourceTree = BUILT_PRODUCTS_DIR;
		};
		239FC3A120E50E690049A444 /* StarWarsAPI.framework */ = {
			isa = PBXReferenceProxy;
			fileType = wrapper.framework;
			path = StarWarsAPI.framework;
			remoteRef = 239FC3A020E50E690049A444 /* PBXContainerItemProxy */;
			sourceTree = BUILT_PRODUCTS_DIR;
		};
		239FC3A320E50E690049A444 /* GitHubAPI.framework */ = {
			isa = PBXReferenceProxy;
			fileType = wrapper.framework;
			path = GitHubAPI.framework;
			remoteRef = 239FC3A220E50E690049A444 /* PBXContainerItemProxy */;
			sourceTree = BUILT_PRODUCTS_DIR;
		};
		239FC3A520E50E690049A444 /* TestHost iOS.app */ = {
			isa = PBXReferenceProxy;
			fileType = wrapper.application;
			path = "TestHost iOS.app";
			remoteRef = 239FC3A420E50E690049A444 /* PBXContainerItemProxy */;
			sourceTree = BUILT_PRODUCTS_DIR;
		};
		239FC3A720E50E690049A444 /* ApolloTestSupport.framework */ = {
			isa = PBXReferenceProxy;
			fileType = wrapper.framework;
			path = ApolloTestSupport.framework;
			remoteRef = 239FC3A620E50E690049A444 /* PBXContainerItemProxy */;
			sourceTree = BUILT_PRODUCTS_DIR;
		};
/* End PBXReferenceProxy section */

/* Begin PBXResourcesBuildPhase section */
		238B312B20B6F36B008EFBC4 /* Resources */ = {
			isa = PBXResourcesBuildPhase;
			buildActionMask = 2147483647;
			files = (
				238B313E20B6F36D008EFBC4 /* LaunchScreen.storyboard in Resources */,
				23CCD35E20E5190400B43456 /* schema.json in Resources */,
				23CCD35A20E5121300B43456 /* AllModules.graphql in Resources */,
				238B313B20B6F36D008EFBC4 /* Assets.xcassets in Resources */,
				238B313620B6F36B008EFBC4 /* Main.storyboard in Resources */,
			);
			runOnlyForDeploymentPostprocessing = 0;
		};
		238B314220B6F36D008EFBC4 /* Resources */ = {
			isa = PBXResourcesBuildPhase;
			buildActionMask = 2147483647;
			files = (
			);
			runOnlyForDeploymentPostprocessing = 0;
		};
		238B314D20B6F36D008EFBC4 /* Resources */ = {
			isa = PBXResourcesBuildPhase;
			buildActionMask = 2147483647;
			files = (
			);
			runOnlyForDeploymentPostprocessing = 0;
		};
/* End PBXResourcesBuildPhase section */

/* Begin PBXSourcesBuildPhase section */
		238B312920B6F36B008EFBC4 /* Sources */ = {
			isa = PBXSourcesBuildPhase;
			buildActionMask = 2147483647;
			files = (
				239FC37C20E3C53A0049A444 /* HomePageTableViewController.swift in Sources */,
				238B313920B6F36B008EFBC4 /* AtHome.xcdatamodeld in Sources */,
				238B313320B6F36B008EFBC4 /* ViewController.swift in Sources */,
				23CCD35520E5115500B43456 /* ApolloController.swift in Sources */,
				23CCD36020E521A300B43456 /* Mok.swift in Sources */,
				23CCD36220E533CF00B43456 /* Modules.swift in Sources */,
				23CCD35C20E5174700B43456 /* API.swift in Sources */,
				238B313120B6F36B008EFBC4 /* AppDelegate.swift in Sources */,
			);
			runOnlyForDeploymentPostprocessing = 0;
		};
		238B314020B6F36D008EFBC4 /* Sources */ = {
			isa = PBXSourcesBuildPhase;
			buildActionMask = 2147483647;
			files = (
				238B314920B6F36D008EFBC4 /* AtHomeTests.swift in Sources */,
			);
			runOnlyForDeploymentPostprocessing = 0;
		};
		238B314B20B6F36D008EFBC4 /* Sources */ = {
			isa = PBXSourcesBuildPhase;
			buildActionMask = 2147483647;
			files = (
				238B315420B6F36D008EFBC4 /* AtHomeUITests.swift in Sources */,
			);
			runOnlyForDeploymentPostprocessing = 0;
		};
/* End PBXSourcesBuildPhase section */

/* Begin PBXTargetDependency section */
		238B314620B6F36D008EFBC4 /* PBXTargetDependency */ = {
			isa = PBXTargetDependency;
			target = 238B312C20B6F36B008EFBC4 /* AtHome */;
			targetProxy = 238B314520B6F36D008EFBC4 /* PBXContainerItemProxy */;
		};
		238B315120B6F36D008EFBC4 /* PBXTargetDependency */ = {
			isa = PBXTargetDependency;
			target = 238B312C20B6F36B008EFBC4 /* AtHome */;
			targetProxy = 238B315020B6F36D008EFBC4 /* PBXContainerItemProxy */;
		};
		23CCD34920E5111000B43456 /* PBXTargetDependency */ = {
			isa = PBXTargetDependency;
			name = Apollo;
			targetProxy = 23CCD34820E5111000B43456 /* PBXContainerItemProxy */;
		};
/* End PBXTargetDependency section */

/* Begin PBXVariantGroup section */
		238B313420B6F36B008EFBC4 /* Main.storyboard */ = {
			isa = PBXVariantGroup;
			children = (
				238B313520B6F36B008EFBC4 /* Base */,
			);
			name = Main.storyboard;
			sourceTree = "<group>";
		};
		238B313C20B6F36D008EFBC4 /* LaunchScreen.storyboard */ = {
			isa = PBXVariantGroup;
			children = (
				238B313D20B6F36D008EFBC4 /* Base */,
			);
			name = LaunchScreen.storyboard;
			sourceTree = "<group>";
		};
/* End PBXVariantGroup section */

/* Begin XCBuildConfiguration section */
		238B315620B6F36D008EFBC4 /* Debug */ = {
			isa = XCBuildConfiguration;
			buildSettings = {
				ALWAYS_SEARCH_USER_PATHS = NO;
				CLANG_ANALYZER_NONNULL = YES;
				CLANG_ANALYZER_NUMBER_OBJECT_CONVERSION = YES_AGGRESSIVE;
				CLANG_CXX_LANGUAGE_STANDARD = "gnu++14";
				CLANG_CXX_LIBRARY = "libc++";
				CLANG_ENABLE_MODULES = YES;
				CLANG_ENABLE_OBJC_ARC = YES;
				CLANG_ENABLE_OBJC_WEAK = YES;
				CLANG_WARN_BLOCK_CAPTURE_AUTORELEASING = YES;
				CLANG_WARN_BOOL_CONVERSION = YES;
				CLANG_WARN_COMMA = YES;
				CLANG_WARN_CONSTANT_CONVERSION = YES;
				CLANG_WARN_DEPRECATED_OBJC_IMPLEMENTATIONS = YES;
				CLANG_WARN_DIRECT_OBJC_ISA_USAGE = YES_ERROR;
				CLANG_WARN_DOCUMENTATION_COMMENTS = YES;
				CLANG_WARN_EMPTY_BODY = YES;
				CLANG_WARN_ENUM_CONVERSION = YES;
				CLANG_WARN_INFINITE_RECURSION = YES;
				CLANG_WARN_INT_CONVERSION = YES;
				CLANG_WARN_NON_LITERAL_NULL_CONVERSION = YES;
				CLANG_WARN_OBJC_IMPLICIT_RETAIN_SELF = YES;
				CLANG_WARN_OBJC_LITERAL_CONVERSION = YES;
				CLANG_WARN_OBJC_ROOT_CLASS = YES_ERROR;
				CLANG_WARN_RANGE_LOOP_ANALYSIS = YES;
				CLANG_WARN_STRICT_PROTOTYPES = YES;
				CLANG_WARN_SUSPICIOUS_MOVE = YES;
				CLANG_WARN_UNGUARDED_AVAILABILITY = YES_AGGRESSIVE;
				CLANG_WARN_UNREACHABLE_CODE = YES;
				CLANG_WARN__DUPLICATE_METHOD_MATCH = YES;
				CODE_SIGN_IDENTITY = "iPhone Developer";
				COPY_PHASE_STRIP = NO;
				DEBUG_INFORMATION_FORMAT = dwarf;
				ENABLE_STRICT_OBJC_MSGSEND = YES;
				ENABLE_TESTABILITY = YES;
				GCC_C_LANGUAGE_STANDARD = gnu11;
				GCC_DYNAMIC_NO_PIC = NO;
				GCC_NO_COMMON_BLOCKS = YES;
				GCC_OPTIMIZATION_LEVEL = 0;
				GCC_PREPROCESSOR_DEFINITIONS = (
					"DEBUG=1",
					"$(inherited)",
				);
				GCC_WARN_64_TO_32_BIT_CONVERSION = YES;
				GCC_WARN_ABOUT_RETURN_TYPE = YES_ERROR;
				GCC_WARN_UNDECLARED_SELECTOR = YES;
				GCC_WARN_UNINITIALIZED_AUTOS = YES_AGGRESSIVE;
				GCC_WARN_UNUSED_FUNCTION = YES;
				GCC_WARN_UNUSED_VARIABLE = YES;
				IPHONEOS_DEPLOYMENT_TARGET = 11.3;
				MTL_ENABLE_DEBUG_INFO = YES;
				ONLY_ACTIVE_ARCH = YES;
				SDKROOT = iphoneos;
				SWIFT_ACTIVE_COMPILATION_CONDITIONS = DEBUG;
				SWIFT_OPTIMIZATION_LEVEL = "-Onone";
			};
			name = Debug;
		};
		238B315720B6F36D008EFBC4 /* Release */ = {
			isa = XCBuildConfiguration;
			buildSettings = {
				ALWAYS_SEARCH_USER_PATHS = NO;
				CLANG_ANALYZER_NONNULL = YES;
				CLANG_ANALYZER_NUMBER_OBJECT_CONVERSION = YES_AGGRESSIVE;
				CLANG_CXX_LANGUAGE_STANDARD = "gnu++14";
				CLANG_CXX_LIBRARY = "libc++";
				CLANG_ENABLE_MODULES = YES;
				CLANG_ENABLE_OBJC_ARC = YES;
				CLANG_ENABLE_OBJC_WEAK = YES;
				CLANG_WARN_BLOCK_CAPTURE_AUTORELEASING = YES;
				CLANG_WARN_BOOL_CONVERSION = YES;
				CLANG_WARN_COMMA = YES;
				CLANG_WARN_CONSTANT_CONVERSION = YES;
				CLANG_WARN_DEPRECATED_OBJC_IMPLEMENTATIONS = YES;
				CLANG_WARN_DIRECT_OBJC_ISA_USAGE = YES_ERROR;
				CLANG_WARN_DOCUMENTATION_COMMENTS = YES;
				CLANG_WARN_EMPTY_BODY = YES;
				CLANG_WARN_ENUM_CONVERSION = YES;
				CLANG_WARN_INFINITE_RECURSION = YES;
				CLANG_WARN_INT_CONVERSION = YES;
				CLANG_WARN_NON_LITERAL_NULL_CONVERSION = YES;
				CLANG_WARN_OBJC_IMPLICIT_RETAIN_SELF = YES;
				CLANG_WARN_OBJC_LITERAL_CONVERSION = YES;
				CLANG_WARN_OBJC_ROOT_CLASS = YES_ERROR;
				CLANG_WARN_RANGE_LOOP_ANALYSIS = YES;
				CLANG_WARN_STRICT_PROTOTYPES = YES;
				CLANG_WARN_SUSPICIOUS_MOVE = YES;
				CLANG_WARN_UNGUARDED_AVAILABILITY = YES_AGGRESSIVE;
				CLANG_WARN_UNREACHABLE_CODE = YES;
				CLANG_WARN__DUPLICATE_METHOD_MATCH = YES;
				CODE_SIGN_IDENTITY = "iPhone Developer";
				COPY_PHASE_STRIP = NO;
				DEBUG_INFORMATION_FORMAT = "dwarf-with-dsym";
				ENABLE_NS_ASSERTIONS = NO;
				ENABLE_STRICT_OBJC_MSGSEND = YES;
				GCC_C_LANGUAGE_STANDARD = gnu11;
				GCC_NO_COMMON_BLOCKS = YES;
				GCC_WARN_64_TO_32_BIT_CONVERSION = YES;
				GCC_WARN_ABOUT_RETURN_TYPE = YES_ERROR;
				GCC_WARN_UNDECLARED_SELECTOR = YES;
				GCC_WARN_UNINITIALIZED_AUTOS = YES_AGGRESSIVE;
				GCC_WARN_UNUSED_FUNCTION = YES;
				GCC_WARN_UNUSED_VARIABLE = YES;
				IPHONEOS_DEPLOYMENT_TARGET = 11.3;
				MTL_ENABLE_DEBUG_INFO = NO;
				SDKROOT = iphoneos;
				SWIFT_COMPILATION_MODE = wholemodule;
				SWIFT_OPTIMIZATION_LEVEL = "-O";
				VALIDATE_PRODUCT = YES;
			};
			name = Release;
		};
		238B315920B6F36D008EFBC4 /* Debug */ = {
			isa = XCBuildConfiguration;
			buildSettings = {
				ASSETCATALOG_COMPILER_APPICON_NAME = AppIcon;
				CODE_SIGN_STYLE = Automatic;
				DEVELOPMENT_TEAM = J5LY4228LX;
				INFOPLIST_FILE = AtHome/Info.plist;
				LD_RUNPATH_SEARCH_PATHS = (
					"$(inherited)",
					"@executable_path/Frameworks",
				);
				PRODUCT_BUNDLE_IDENTIFIER = pyre.AtHome;
				PRODUCT_NAME = "$(TARGET_NAME)";
				SWIFT_VERSION = 4.0;
				TARGETED_DEVICE_FAMILY = "1,2";
			};
			name = Debug;
		};
		238B315A20B6F36D008EFBC4 /* Release */ = {
			isa = XCBuildConfiguration;
			buildSettings = {
				ASSETCATALOG_COMPILER_APPICON_NAME = AppIcon;
				CODE_SIGN_STYLE = Automatic;
				DEVELOPMENT_TEAM = J5LY4228LX;
				INFOPLIST_FILE = AtHome/Info.plist;
				LD_RUNPATH_SEARCH_PATHS = (
					"$(inherited)",
					"@executable_path/Frameworks",
				);
				PRODUCT_BUNDLE_IDENTIFIER = pyre.AtHome;
				PRODUCT_NAME = "$(TARGET_NAME)";
				SWIFT_VERSION = 4.0;
				TARGETED_DEVICE_FAMILY = "1,2";
			};
			name = Release;
		};
		238B315C20B6F36D008EFBC4 /* Debug */ = {
			isa = XCBuildConfiguration;
			buildSettings = {
				ALWAYS_EMBED_SWIFT_STANDARD_LIBRARIES = YES;
				BUNDLE_LOADER = "$(TEST_HOST)";
				CODE_SIGN_STYLE = Automatic;
				DEVELOPMENT_TEAM = J5LY4228LX;
				INFOPLIST_FILE = AtHomeTests/Info.plist;
				LD_RUNPATH_SEARCH_PATHS = (
					"$(inherited)",
					"@executable_path/Frameworks",
					"@loader_path/Frameworks",
				);
				PRODUCT_BUNDLE_IDENTIFIER = pyre.AtHomeTests;
				PRODUCT_NAME = "$(TARGET_NAME)";
				SWIFT_VERSION = 4.0;
				TARGETED_DEVICE_FAMILY = "1,2";
				TEST_HOST = "$(BUILT_PRODUCTS_DIR)/AtHome.app/AtHome";
			};
			name = Debug;
		};
		238B315D20B6F36D008EFBC4 /* Release */ = {
			isa = XCBuildConfiguration;
			buildSettings = {
				ALWAYS_EMBED_SWIFT_STANDARD_LIBRARIES = YES;
				BUNDLE_LOADER = "$(TEST_HOST)";
				CODE_SIGN_STYLE = Automatic;
				DEVELOPMENT_TEAM = J5LY4228LX;
				INFOPLIST_FILE = AtHomeTests/Info.plist;
				LD_RUNPATH_SEARCH_PATHS = (
					"$(inherited)",
					"@executable_path/Frameworks",
					"@loader_path/Frameworks",
				);
				PRODUCT_BUNDLE_IDENTIFIER = pyre.AtHomeTests;
				PRODUCT_NAME = "$(TARGET_NAME)";
				SWIFT_VERSION = 4.0;
				TARGETED_DEVICE_FAMILY = "1,2";
				TEST_HOST = "$(BUILT_PRODUCTS_DIR)/AtHome.app/AtHome";
			};
			name = Release;
		};
		238B315F20B6F36D008EFBC4 /* Debug */ = {
			isa = XCBuildConfiguration;
			buildSettings = {
				ALWAYS_EMBED_SWIFT_STANDARD_LIBRARIES = YES;
				CODE_SIGN_STYLE = Automatic;
				DEVELOPMENT_TEAM = J5LY4228LX;
				INFOPLIST_FILE = AtHomeUITests/Info.plist;
				LD_RUNPATH_SEARCH_PATHS = (
					"$(inherited)",
					"@executable_path/Frameworks",
					"@loader_path/Frameworks",
				);
				PRODUCT_BUNDLE_IDENTIFIER = pyre.AtHomeUITests;
				PRODUCT_NAME = "$(TARGET_NAME)";
				SWIFT_VERSION = 4.0;
				TARGETED_DEVICE_FAMILY = "1,2";
				TEST_TARGET_NAME = AtHome;
			};
			name = Debug;
		};
		238B316020B6F36D008EFBC4 /* Release */ = {
			isa = XCBuildConfiguration;
			buildSettings = {
				ALWAYS_EMBED_SWIFT_STANDARD_LIBRARIES = YES;
				CODE_SIGN_STYLE = Automatic;
				DEVELOPMENT_TEAM = J5LY4228LX;
				INFOPLIST_FILE = AtHomeUITests/Info.plist;
				LD_RUNPATH_SEARCH_PATHS = (
					"$(inherited)",
					"@executable_path/Frameworks",
					"@loader_path/Frameworks",
				);
				PRODUCT_BUNDLE_IDENTIFIER = pyre.AtHomeUITests;
				PRODUCT_NAME = "$(TARGET_NAME)";
				SWIFT_VERSION = 4.0;
				TARGETED_DEVICE_FAMILY = "1,2";
				TEST_TARGET_NAME = AtHome;
			};
			name = Release;
		};
/* End XCBuildConfiguration section */

/* Begin XCConfigurationList section */
		238B312820B6F36B008EFBC4 /* Build configuration list for PBXProject "AtHome" */ = {
			isa = XCConfigurationList;
			buildConfigurations = (
				238B315620B6F36D008EFBC4 /* Debug */,
				238B315720B6F36D008EFBC4 /* Release */,
			);
			defaultConfigurationIsVisible = 0;
			defaultConfigurationName = Release;
		};
		238B315820B6F36D008EFBC4 /* Build configuration list for PBXNativeTarget "AtHome" */ = {
			isa = XCConfigurationList;
			buildConfigurations = (
				238B315920B6F36D008EFBC4 /* Debug */,
				238B315A20B6F36D008EFBC4 /* Release */,
			);
			defaultConfigurationIsVisible = 0;
			defaultConfigurationName = Release;
		};
		238B315B20B6F36D008EFBC4 /* Build configuration list for PBXNativeTarget "AtHomeTests" */ = {
			isa = XCConfigurationList;
			buildConfigurations = (
				238B315C20B6F36D008EFBC4 /* Debug */,
				238B315D20B6F36D008EFBC4 /* Release */,
			);
			defaultConfigurationIsVisible = 0;
			defaultConfigurationName = Release;
		};
		238B315E20B6F36D008EFBC4 /* Build configuration list for PBXNativeTarget "AtHomeUITests" */ = {
			isa = XCConfigurationList;
			buildConfigurations = (
				238B315F20B6F36D008EFBC4 /* Debug */,
				238B316020B6F36D008EFBC4 /* Release */,
			);
			defaultConfigurationIsVisible = 0;
			defaultConfigurationName = Release;
		};
/* End XCConfigurationList section */

/* Begin XCVersionGroup section */
		238B313720B6F36B008EFBC4 /* AtHome.xcdatamodeld */ = {
			isa = XCVersionGroup;
			children = (
				238B313820B6F36B008EFBC4 /* AtHome.xcdatamodel */,
			);
			currentVersion = 238B313820B6F36B008EFBC4 /* AtHome.xcdatamodel */;
			path = AtHome.xcdatamodeld;
			sourceTree = "<group>";
			versionGroupType = wrapper.xcdatamodel;
		};
/* End XCVersionGroup section */
	};
	rootObject = 238B312520B6F36B008EFBC4 /* Project object */;
}
